// !$*UTF8*$!
{
	archiveVersion = 1;
	classes = {
	};
	objectVersion = 56;
	objects = {

/* Begin PBXBuildFile section */
		320EE2072B05BECD00041382 /* DetailTabView.swift in Sources */ = {isa = PBXBuildFile; fileRef = 320EE2062B05BECD00041382 /* DetailTabView.swift */; };
		320EE2092B05BF8E00041382 /* SynopsisView.swift in Sources */ = {isa = PBXBuildFile; fileRef = 320EE2082B05BF8E00041382 /* SynopsisView.swift */; };
		320EE20B2B06ADF200041382 /* RelatedRowView.swift in Sources */ = {isa = PBXBuildFile; fileRef = 320EE20A2B06ADF200041382 /* RelatedRowView.swift */; };
		320EE20D2B06BB5100041382 /* RelatedCellView.swift in Sources */ = {isa = PBXBuildFile; fileRef = 320EE20C2B06BB5100041382 /* RelatedCellView.swift */; };
		3219EE4E2BC5A58800F57A95 /* MediaListStatus.swift in Sources */ = {isa = PBXBuildFile; fileRef = 3219EE4D2BC5A58800F57A95 /* MediaListStatus.swift */; };
		3219EE502BC5B1D300F57A95 /* LoginOverlayView.swift in Sources */ = {isa = PBXBuildFile; fileRef = 3219EE4F2BC5B1D300F57A95 /* LoginOverlayView.swift */; };
		3219EE522BC5B6EE00F57A95 /* MediaSort.swift in Sources */ = {isa = PBXBuildFile; fileRef = 3219EE512BC5B6EE00F57A95 /* MediaSort.swift */; };
		322BBF5C2AE5BD7500DB9ACD /* OtakuSigmaApp.swift in Sources */ = {isa = PBXBuildFile; fileRef = 322BBF5B2AE5BD7500DB9ACD /* OtakuSigmaApp.swift */; };
		322BBF5E2AE5BD7500DB9ACD /* HomeView.swift in Sources */ = {isa = PBXBuildFile; fileRef = 322BBF5D2AE5BD7500DB9ACD /* HomeView.swift */; };
		322BBF602AE5BD7700DB9ACD /* Assets.xcassets in Resources */ = {isa = PBXBuildFile; fileRef = 322BBF5F2AE5BD7700DB9ACD /* Assets.xcassets */; };
		322BBF632AE5BD7700DB9ACD /* Preview Assets.xcassets in Resources */ = {isa = PBXBuildFile; fileRef = 322BBF622AE5BD7700DB9ACD /* Preview Assets.xcassets */; };
		322BBF6A2AE5C08400DB9ACD /* WatchListView.swift in Sources */ = {isa = PBXBuildFile; fileRef = 322BBF692AE5C08400DB9ACD /* WatchListView.swift */; };
		322BBF6D2AE5C87500DB9ACD /* Media.swift in Sources */ = {isa = PBXBuildFile; fileRef = 322BBF6C2AE5C87500DB9ACD /* Media.swift */; };
		322BBF6F2AE5C9C000DB9ACD /* WatchListCell.swift in Sources */ = {isa = PBXBuildFile; fileRef = 322BBF6E2AE5C9C000DB9ACD /* WatchListCell.swift */; };
		322BBF742AE5CEDF00DB9ACD /* APIRequest.swift in Sources */ = {isa = PBXBuildFile; fileRef = 322BBF732AE5CEDF00DB9ACD /* APIRequest.swift */; };
		322BBF762AE5CFB800DB9ACD /* MediaDetailAPIRequest.swift in Sources */ = {isa = PBXBuildFile; fileRef = 322BBF752AE5CFB800DB9ACD /* MediaDetailAPIRequest.swift */; };
		322BBF7A2AE5DD4E00DB9ACD /* HomeViewModel.swift in Sources */ = {isa = PBXBuildFile; fileRef = 322BBF792AE5DD4E00DB9ACD /* HomeViewModel.swift */; };
		322BBF7D2AE5DE9D00DB9ACD /* DiscoverView.swift in Sources */ = {isa = PBXBuildFile; fileRef = 322BBF7C2AE5DE9D00DB9ACD /* DiscoverView.swift */; };
		322BBF7F2AE5DEC900DB9ACD /* DiscoverTabView.swift in Sources */ = {isa = PBXBuildFile; fileRef = 322BBF7E2AE5DEC900DB9ACD /* DiscoverTabView.swift */; };
		322BBF812AE5DEE300DB9ACD /* DiscoverViewModel.swift in Sources */ = {isa = PBXBuildFile; fileRef = 322BBF802AE5DEE300DB9ACD /* DiscoverViewModel.swift */; };
		322BBF832AE5E92B00DB9ACD /* SearchListView.swift in Sources */ = {isa = PBXBuildFile; fileRef = 322BBF822AE5E92B00DB9ACD /* SearchListView.swift */; };
		322BBF852AE5EB3B00DB9ACD /* MALService.swift in Sources */ = {isa = PBXBuildFile; fileRef = 322BBF842AE5EB3B00DB9ACD /* MALService.swift */; };
		322BBF872AE5EC1400DB9ACD /* WeebListAPIRequest.swift in Sources */ = {isa = PBXBuildFile; fileRef = 322BBF862AE5EC1400DB9ACD /* WeebListAPIRequest.swift */; };
		322BBF892AE5F94300DB9ACD /* WeebResponse.swift in Sources */ = {isa = PBXBuildFile; fileRef = 322BBF882AE5F94300DB9ACD /* WeebResponse.swift */; };
		322BBF8B2AE8616F00DB9ACD /* PosterView.swift in Sources */ = {isa = PBXBuildFile; fileRef = 322BBF8A2AE8616F00DB9ACD /* PosterView.swift */; };
		322BBF8D2AE8647F00DB9ACD /* GenreView.swift in Sources */ = {isa = PBXBuildFile; fileRef = 322BBF8C2AE8647F00DB9ACD /* GenreView.swift */; };
		322BBF8F2AE866AB00DB9ACD /* AiringStatusView.swift in Sources */ = {isa = PBXBuildFile; fileRef = 322BBF8E2AE866AB00DB9ACD /* AiringStatusView.swift */; };
		322BBF912AE8B35600DB9ACD /* WatchProgressView.swift in Sources */ = {isa = PBXBuildFile; fileRef = 322BBF902AE8B35600DB9ACD /* WatchProgressView.swift */; };
		323E4D772AF02A8D001F2CA1 /* SearchCellView.swift in Sources */ = {isa = PBXBuildFile; fileRef = 323E4D762AF02A8D001F2CA1 /* SearchCellView.swift */; };
		323E4D792AF18997001F2CA1 /* StatusPickerView.swift in Sources */ = {isa = PBXBuildFile; fileRef = 323E4D782AF18997001F2CA1 /* StatusPickerView.swift */; };
		323E4D7B2AF1BDA4001F2CA1 /* Style.swift in Sources */ = {isa = PBXBuildFile; fileRef = 323E4D7A2AF1BDA4001F2CA1 /* Style.swift */; };
		323E4D7D2AF30100001F2CA1 /* SeasonalView.swift in Sources */ = {isa = PBXBuildFile; fileRef = 323E4D7C2AF30100001F2CA1 /* SeasonalView.swift */; };
		323E4D7F2AF30129001F2CA1 /* ProfileView.swift in Sources */ = {isa = PBXBuildFile; fileRef = 323E4D7E2AF30129001F2CA1 /* ProfileView.swift */; };
		323E4D812AF30431001F2CA1 /* DiscoverListView.swift in Sources */ = {isa = PBXBuildFile; fileRef = 323E4D802AF30431001F2CA1 /* DiscoverListView.swift */; };
		323E4D832AF304AD001F2CA1 /* DiscoverRowView.swift in Sources */ = {isa = PBXBuildFile; fileRef = 323E4D822AF304AD001F2CA1 /* DiscoverRowView.swift */; };
		323E4D852AF3052D001F2CA1 /* DiscoverCellView.swift in Sources */ = {isa = PBXBuildFile; fileRef = 323E4D842AF3052D001F2CA1 /* DiscoverCellView.swift */; };
		323E4D872AF30BFA001F2CA1 /* RankingAPIRequest.swift in Sources */ = {isa = PBXBuildFile; fileRef = 323E4D862AF30BFA001F2CA1 /* RankingAPIRequest.swift */; };
		323E4D892AF58A80001F2CA1 /* SeasonalViewModel.swift in Sources */ = {isa = PBXBuildFile; fileRef = 323E4D882AF58A80001F2CA1 /* SeasonalViewModel.swift */; };
		323E4D8B2AF5AE6A001F2CA1 /* SeasonalAnimeAPIRequest.swift in Sources */ = {isa = PBXBuildFile; fileRef = 323E4D8A2AF5AE6A001F2CA1 /* SeasonalAnimeAPIRequest.swift */; };
		32543F592BC5F48900128A39 /* MediaStatus.swift in Sources */ = {isa = PBXBuildFile; fileRef = 32543F582BC5F48900128A39 /* MediaStatus.swift */; };
		326CA72E2AE98433004EFB16 /* Anime.swift in Sources */ = {isa = PBXBuildFile; fileRef = 326CA72D2AE98433004EFB16 /* Anime.swift */; };
		326CA7302AE9843A004EFB16 /* Manga.swift in Sources */ = {isa = PBXBuildFile; fileRef = 326CA72F2AE9843A004EFB16 /* Manga.swift */; };
		326CA7342AE9D504004EFB16 /* ProfileViewModel.swift in Sources */ = {isa = PBXBuildFile; fileRef = 326CA7332AE9D504004EFB16 /* ProfileViewModel.swift */; };
		326CA7372AEB03D9004EFB16 /* AccessTokenAPIRequest.swift in Sources */ = {isa = PBXBuildFile; fileRef = 326CA7362AEB03D9004EFB16 /* AccessTokenAPIRequest.swift */; };
		326CA7392AEB09A1004EFB16 /* AuthSerivce.swift in Sources */ = {isa = PBXBuildFile; fileRef = 326CA7382AEB09A1004EFB16 /* AuthSerivce.swift */; };
		326CA73B2AEB1512004EFB16 /* UserListAPIRequest.swift in Sources */ = {isa = PBXBuildFile; fileRef = 326CA73A2AEB1512004EFB16 /* UserListAPIRequest.swift */; };
		326CC94E2AF8772D00EAEFDC /* ArchiveView.swift in Sources */ = {isa = PBXBuildFile; fileRef = 326CC94D2AF8772D00EAEFDC /* ArchiveView.swift */; };
		326CC9502AF877C600EAEFDC /* ArchiveViewModel.swift in Sources */ = {isa = PBXBuildFile; fileRef = 326CC94F2AF877C600EAEFDC /* ArchiveViewModel.swift */; };
		326CC9522AF878D900EAEFDC /* ArchiveCellView.swift in Sources */ = {isa = PBXBuildFile; fileRef = 326CC9512AF878D900EAEFDC /* ArchiveCellView.swift */; };
		326CC9542AF87A6700EAEFDC /* ArchiveRowView.swift in Sources */ = {isa = PBXBuildFile; fileRef = 326CC9532AF87A6700EAEFDC /* ArchiveRowView.swift */; };
		326CC9562AF96D5B00EAEFDC /* DiscoverDetailView.swift in Sources */ = {isa = PBXBuildFile; fileRef = 326CC9552AF96D5B00EAEFDC /* DiscoverDetailView.swift */; };
		326CC9582AF96DE000EAEFDC /* DiscoverDetailCellView.swift in Sources */ = {isa = PBXBuildFile; fileRef = 326CC9572AF96DE000EAEFDC /* DiscoverDetailCellView.swift */; };
		326CC95A2AF96F7400EAEFDC /* DiscoverDetailViewModel.swift in Sources */ = {isa = PBXBuildFile; fileRef = 326CC9592AF96F7400EAEFDC /* DiscoverDetailViewModel.swift */; };
		326CC95C2AFD6EA900EAEFDC /* MediaDetailView.swift in Sources */ = {isa = PBXBuildFile; fileRef = 326CC95B2AFD6EA900EAEFDC /* MediaDetailView.swift */; };
		326CC95E2AFD71F100EAEFDC /* MediaDetailViewModel.swift in Sources */ = {isa = PBXBuildFile; fileRef = 326CC95D2AFD71F100EAEFDC /* MediaDetailViewModel.swift */; };
		326CC9602AFD897200EAEFDC /* DetailTopSection.swift in Sources */ = {isa = PBXBuildFile; fileRef = 326CC95F2AFD897200EAEFDC /* DetailTopSection.swift */; };
		326CC9622AFD8D3400EAEFDC /* ScoreCellView.swift in Sources */ = {isa = PBXBuildFile; fileRef = 326CC9612AFD8D3400EAEFDC /* ScoreCellView.swift */; };
		326CC9642AFD9A2700EAEFDC /* GenreRowView.swift in Sources */ = {isa = PBXBuildFile; fileRef = 326CC9632AFD9A2700EAEFDC /* GenreRowView.swift */; };
		326CC9662AFD9C2700EAEFDC /* DetailProgressView.swift in Sources */ = {isa = PBXBuildFile; fileRef = 326CC9652AFD9C2700EAEFDC /* DetailProgressView.swift */; };
		326CC9682AFD9D3400EAEFDC /* ListStatus.swift in Sources */ = {isa = PBXBuildFile; fileRef = 326CC9672AFD9D3400EAEFDC /* ListStatus.swift */; };
		328382312B197D9400EFCE1F /* AnimeGenre.swift in Sources */ = {isa = PBXBuildFile; fileRef = 328382302B197D9400EFCE1F /* AnimeGenre.swift */; };
		328382332B198ACF00EFCE1F /* UserAddtionalAPIRequest.swift in Sources */ = {isa = PBXBuildFile; fileRef = 328382322B198ACF00EFCE1F /* UserAddtionalAPIRequest.swift */; };
		3288E2032B0E8AEF00074E14 /* UpdateMediaListStatusAPIRequest.swift in Sources */ = {isa = PBXBuildFile; fileRef = 3288E2022B0E8AEF00074E14 /* UpdateMediaListStatusAPIRequest.swift */; };
		32A2A4AD2AEC51480083DA44 /* RefreshTokenAPIRequest.swift in Sources */ = {isa = PBXBuildFile; fileRef = 32A2A4AC2AEC51480083DA44 /* RefreshTokenAPIRequest.swift */; };
		32A2A4AF2AEC515B0083DA44 /* TokenResponse.swift in Sources */ = {isa = PBXBuildFile; fileRef = 32A2A4AE2AEC515B0083DA44 /* TokenResponse.swift */; };
		32A2A4B12AEC54440083DA44 /* Settings.swift in Sources */ = {isa = PBXBuildFile; fileRef = 32A2A4B02AEC54440083DA44 /* Settings.swift */; };
		32B002132B06BD6300D9C5D6 /* InfoView.swift in Sources */ = {isa = PBXBuildFile; fileRef = 32B002122B06BD6300D9C5D6 /* InfoView.swift */; };
		32B002152B08185000D9C5D6 /* RecommendedRowView.swift in Sources */ = {isa = PBXBuildFile; fileRef = 32B002142B08185000D9C5D6 /* RecommendedRowView.swift */; };
		32B002172B08188D00D9C5D6 /* RecommendedCellView.swift in Sources */ = {isa = PBXBuildFile; fileRef = 32B002162B08188D00D9C5D6 /* RecommendedCellView.swift */; };
		32B82BD22B1FF7870079A724 /* ProfileStatView.swift in Sources */ = {isa = PBXBuildFile; fileRef = 32B82BD12B1FF7870079A724 /* ProfileStatView.swift */; };
		32BA95F82B14512600EFC84D /* DeleteMediaAPIRequest.swift in Sources */ = {isa = PBXBuildFile; fileRef = 32BA95F72B14512600EFC84D /* DeleteMediaAPIRequest.swift */; };
		32CCAB3D2B16B08400C5C18C /* App.swift in Sources */ = {isa = PBXBuildFile; fileRef = 32CCAB3C2B16B08400C5C18C /* App.swift */; };
		32CCAB3F2B16B0E500C5C18C /* User.swift in Sources */ = {isa = PBXBuildFile; fileRef = 32CCAB3E2B16B0E500C5C18C /* User.swift */; };
		32CCAB412B16B15B00C5C18C /* UserAPIRequest.swift in Sources */ = {isa = PBXBuildFile; fileRef = 32CCAB402B16B15B00C5C18C /* UserAPIRequest.swift */; };
		32F37ECE2B0969470015F225 /* StatsView.swift in Sources */ = {isa = PBXBuildFile; fileRef = 32F37ECD2B0969470015F225 /* StatsView.swift */; };
		32F37ED02B0972E40015F225 /* BarChartView.swift in Sources */ = {isa = PBXBuildFile; fileRef = 32F37ECF2B0972E40015F225 /* BarChartView.swift */; };
		32F37ED22B0C24830015F225 /* AddMediaView.swift in Sources */ = {isa = PBXBuildFile; fileRef = 32F37ED12B0C24830015F225 /* AddMediaView.swift */; };
		32F37ED42B0C2E940015F225 /* ProgressSliderView.swift in Sources */ = {isa = PBXBuildFile; fileRef = 32F37ED32B0C2E940015F225 /* ProgressSliderView.swift */; };
		32F37ED62B0D70EA0015F225 /* AddMediaViewModel.swift in Sources */ = {isa = PBXBuildFile; fileRef = 32F37ED52B0D70EA0015F225 /* AddMediaViewModel.swift */; };
		32F37ED82B0D74C20015F225 /* ScoreSliderView.swift in Sources */ = {isa = PBXBuildFile; fileRef = 32F37ED72B0D74C20015F225 /* ScoreSliderView.swift */; };
/* End PBXBuildFile section */

/* Begin PBXFileReference section */
		320EE2062B05BECD00041382 /* DetailTabView.swift */ = {isa = PBXFileReference; lastKnownFileType = sourcecode.swift; path = DetailTabView.swift; sourceTree = "<group>"; };
		320EE2082B05BF8E00041382 /* SynopsisView.swift */ = {isa = PBXFileReference; lastKnownFileType = sourcecode.swift; path = SynopsisView.swift; sourceTree = "<group>"; };
		320EE20A2B06ADF200041382 /* RelatedRowView.swift */ = {isa = PBXFileReference; lastKnownFileType = sourcecode.swift; path = RelatedRowView.swift; sourceTree = "<group>"; };
		320EE20C2B06BB5100041382 /* RelatedCellView.swift */ = {isa = PBXFileReference; lastKnownFileType = sourcecode.swift; path = RelatedCellView.swift; sourceTree = "<group>"; };
		3219EE4D2BC5A58800F57A95 /* MediaListStatus.swift */ = {isa = PBXFileReference; lastKnownFileType = sourcecode.swift; path = MediaListStatus.swift; sourceTree = "<group>"; };
		3219EE4F2BC5B1D300F57A95 /* LoginOverlayView.swift */ = {isa = PBXFileReference; lastKnownFileType = sourcecode.swift; path = LoginOverlayView.swift; sourceTree = "<group>"; };
		3219EE512BC5B6EE00F57A95 /* MediaSort.swift */ = {isa = PBXFileReference; lastKnownFileType = sourcecode.swift; path = MediaSort.swift; sourceTree = "<group>"; };
		322BBF582AE5BD7500DB9ACD /* OtakuSigma.app */ = {isa = PBXFileReference; explicitFileType = wrapper.application; includeInIndex = 0; path = OtakuSigma.app; sourceTree = BUILT_PRODUCTS_DIR; };
		322BBF5B2AE5BD7500DB9ACD /* OtakuSigmaApp.swift */ = {isa = PBXFileReference; lastKnownFileType = sourcecode.swift; path = OtakuSigmaApp.swift; sourceTree = "<group>"; };
		322BBF5D2AE5BD7500DB9ACD /* HomeView.swift */ = {isa = PBXFileReference; lastKnownFileType = sourcecode.swift; path = HomeView.swift; sourceTree = "<group>"; };
		322BBF5F2AE5BD7700DB9ACD /* Assets.xcassets */ = {isa = PBXFileReference; lastKnownFileType = folder.assetcatalog; path = Assets.xcassets; sourceTree = "<group>"; };
		322BBF622AE5BD7700DB9ACD /* Preview Assets.xcassets */ = {isa = PBXFileReference; lastKnownFileType = folder.assetcatalog; path = "Preview Assets.xcassets"; sourceTree = "<group>"; };
		322BBF692AE5C08400DB9ACD /* WatchListView.swift */ = {isa = PBXFileReference; lastKnownFileType = sourcecode.swift; path = WatchListView.swift; sourceTree = "<group>"; };
		322BBF6C2AE5C87500DB9ACD /* Media.swift */ = {isa = PBXFileReference; lastKnownFileType = sourcecode.swift; path = Media.swift; sourceTree = "<group>"; };
		322BBF6E2AE5C9C000DB9ACD /* WatchListCell.swift */ = {isa = PBXFileReference; lastKnownFileType = sourcecode.swift; path = WatchListCell.swift; sourceTree = "<group>"; };
		322BBF732AE5CEDF00DB9ACD /* APIRequest.swift */ = {isa = PBXFileReference; lastKnownFileType = sourcecode.swift; path = APIRequest.swift; sourceTree = "<group>"; };
		322BBF752AE5CFB800DB9ACD /* MediaDetailAPIRequest.swift */ = {isa = PBXFileReference; lastKnownFileType = sourcecode.swift; path = MediaDetailAPIRequest.swift; sourceTree = "<group>"; };
		322BBF792AE5DD4E00DB9ACD /* HomeViewModel.swift */ = {isa = PBXFileReference; lastKnownFileType = sourcecode.swift; path = HomeViewModel.swift; sourceTree = "<group>"; };
		322BBF7C2AE5DE9D00DB9ACD /* DiscoverView.swift */ = {isa = PBXFileReference; lastKnownFileType = sourcecode.swift; path = DiscoverView.swift; sourceTree = "<group>"; };
		322BBF7E2AE5DEC900DB9ACD /* DiscoverTabView.swift */ = {isa = PBXFileReference; lastKnownFileType = sourcecode.swift; path = DiscoverTabView.swift; sourceTree = "<group>"; };
		322BBF802AE5DEE300DB9ACD /* DiscoverViewModel.swift */ = {isa = PBXFileReference; lastKnownFileType = sourcecode.swift; path = DiscoverViewModel.swift; sourceTree = "<group>"; };
		322BBF822AE5E92B00DB9ACD /* SearchListView.swift */ = {isa = PBXFileReference; lastKnownFileType = sourcecode.swift; path = SearchListView.swift; sourceTree = "<group>"; };
		322BBF842AE5EB3B00DB9ACD /* MALService.swift */ = {isa = PBXFileReference; lastKnownFileType = sourcecode.swift; path = MALService.swift; sourceTree = "<group>"; };
		322BBF862AE5EC1400DB9ACD /* WeebListAPIRequest.swift */ = {isa = PBXFileReference; lastKnownFileType = sourcecode.swift; path = WeebListAPIRequest.swift; sourceTree = "<group>"; };
		322BBF882AE5F94300DB9ACD /* WeebResponse.swift */ = {isa = PBXFileReference; lastKnownFileType = sourcecode.swift; path = WeebResponse.swift; sourceTree = "<group>"; };
		322BBF8A2AE8616F00DB9ACD /* PosterView.swift */ = {isa = PBXFileReference; lastKnownFileType = sourcecode.swift; path = PosterView.swift; sourceTree = "<group>"; };
		322BBF8C2AE8647F00DB9ACD /* GenreView.swift */ = {isa = PBXFileReference; lastKnownFileType = sourcecode.swift; path = GenreView.swift; sourceTree = "<group>"; };
		322BBF8E2AE866AB00DB9ACD /* AiringStatusView.swift */ = {isa = PBXFileReference; lastKnownFileType = sourcecode.swift; path = AiringStatusView.swift; sourceTree = "<group>"; };
		322BBF902AE8B35600DB9ACD /* WatchProgressView.swift */ = {isa = PBXFileReference; lastKnownFileType = sourcecode.swift; path = WatchProgressView.swift; sourceTree = "<group>"; };
		323E4D762AF02A8D001F2CA1 /* SearchCellView.swift */ = {isa = PBXFileReference; lastKnownFileType = sourcecode.swift; path = SearchCellView.swift; sourceTree = "<group>"; };
		323E4D782AF18997001F2CA1 /* StatusPickerView.swift */ = {isa = PBXFileReference; lastKnownFileType = sourcecode.swift; path = StatusPickerView.swift; sourceTree = "<group>"; };
		323E4D7A2AF1BDA4001F2CA1 /* Style.swift */ = {isa = PBXFileReference; lastKnownFileType = sourcecode.swift; path = Style.swift; sourceTree = "<group>"; };
		323E4D7C2AF30100001F2CA1 /* SeasonalView.swift */ = {isa = PBXFileReference; lastKnownFileType = sourcecode.swift; path = SeasonalView.swift; sourceTree = "<group>"; };
		323E4D7E2AF30129001F2CA1 /* ProfileView.swift */ = {isa = PBXFileReference; lastKnownFileType = sourcecode.swift; path = ProfileView.swift; sourceTree = "<group>"; };
		323E4D802AF30431001F2CA1 /* DiscoverListView.swift */ = {isa = PBXFileReference; lastKnownFileType = sourcecode.swift; path = DiscoverListView.swift; sourceTree = "<group>"; };
		323E4D822AF304AD001F2CA1 /* DiscoverRowView.swift */ = {isa = PBXFileReference; lastKnownFileType = sourcecode.swift; path = DiscoverRowView.swift; sourceTree = "<group>"; };
		323E4D842AF3052D001F2CA1 /* DiscoverCellView.swift */ = {isa = PBXFileReference; lastKnownFileType = sourcecode.swift; path = DiscoverCellView.swift; sourceTree = "<group>"; };
		323E4D862AF30BFA001F2CA1 /* RankingAPIRequest.swift */ = {isa = PBXFileReference; lastKnownFileType = sourcecode.swift; path = RankingAPIRequest.swift; sourceTree = "<group>"; };
		323E4D882AF58A80001F2CA1 /* SeasonalViewModel.swift */ = {isa = PBXFileReference; lastKnownFileType = sourcecode.swift; path = SeasonalViewModel.swift; sourceTree = "<group>"; };
		323E4D8A2AF5AE6A001F2CA1 /* SeasonalAnimeAPIRequest.swift */ = {isa = PBXFileReference; lastKnownFileType = sourcecode.swift; path = SeasonalAnimeAPIRequest.swift; sourceTree = "<group>"; };
		32543F582BC5F48900128A39 /* MediaStatus.swift */ = {isa = PBXFileReference; lastKnownFileType = sourcecode.swift; path = MediaStatus.swift; sourceTree = "<group>"; };
		326CA72D2AE98433004EFB16 /* Anime.swift */ = {isa = PBXFileReference; lastKnownFileType = sourcecode.swift; path = Anime.swift; sourceTree = "<group>"; };
		326CA72F2AE9843A004EFB16 /* Manga.swift */ = {isa = PBXFileReference; lastKnownFileType = sourcecode.swift; path = Manga.swift; sourceTree = "<group>"; };
		326CA7332AE9D504004EFB16 /* ProfileViewModel.swift */ = {isa = PBXFileReference; lastKnownFileType = sourcecode.swift; path = ProfileViewModel.swift; sourceTree = "<group>"; };
		326CA7352AE9E0F6004EFB16 /* Info.plist */ = {isa = PBXFileReference; lastKnownFileType = text.plist; path = Info.plist; sourceTree = "<group>"; };
		326CA7362AEB03D9004EFB16 /* AccessTokenAPIRequest.swift */ = {isa = PBXFileReference; lastKnownFileType = sourcecode.swift; path = AccessTokenAPIRequest.swift; sourceTree = "<group>"; };
		326CA7382AEB09A1004EFB16 /* AuthSerivce.swift */ = {isa = PBXFileReference; lastKnownFileType = sourcecode.swift; path = AuthSerivce.swift; sourceTree = "<group>"; };
		326CA73A2AEB1512004EFB16 /* UserListAPIRequest.swift */ = {isa = PBXFileReference; lastKnownFileType = sourcecode.swift; path = UserListAPIRequest.swift; sourceTree = "<group>"; };
		326CC94D2AF8772D00EAEFDC /* ArchiveView.swift */ = {isa = PBXFileReference; lastKnownFileType = sourcecode.swift; path = ArchiveView.swift; sourceTree = "<group>"; };
		326CC94F2AF877C600EAEFDC /* ArchiveViewModel.swift */ = {isa = PBXFileReference; lastKnownFileType = sourcecode.swift; path = ArchiveViewModel.swift; sourceTree = "<group>"; };
		326CC9512AF878D900EAEFDC /* ArchiveCellView.swift */ = {isa = PBXFileReference; lastKnownFileType = sourcecode.swift; path = ArchiveCellView.swift; sourceTree = "<group>"; };
		326CC9532AF87A6700EAEFDC /* ArchiveRowView.swift */ = {isa = PBXFileReference; lastKnownFileType = sourcecode.swift; path = ArchiveRowView.swift; sourceTree = "<group>"; };
		326CC9552AF96D5B00EAEFDC /* DiscoverDetailView.swift */ = {isa = PBXFileReference; lastKnownFileType = sourcecode.swift; path = DiscoverDetailView.swift; sourceTree = "<group>"; };
		326CC9572AF96DE000EAEFDC /* DiscoverDetailCellView.swift */ = {isa = PBXFileReference; lastKnownFileType = sourcecode.swift; path = DiscoverDetailCellView.swift; sourceTree = "<group>"; };
		326CC9592AF96F7400EAEFDC /* DiscoverDetailViewModel.swift */ = {isa = PBXFileReference; lastKnownFileType = sourcecode.swift; path = DiscoverDetailViewModel.swift; sourceTree = "<group>"; };
		326CC95B2AFD6EA900EAEFDC /* MediaDetailView.swift */ = {isa = PBXFileReference; lastKnownFileType = sourcecode.swift; path = MediaDetailView.swift; sourceTree = "<group>"; };
		326CC95D2AFD71F100EAEFDC /* MediaDetailViewModel.swift */ = {isa = PBXFileReference; lastKnownFileType = sourcecode.swift; path = MediaDetailViewModel.swift; sourceTree = "<group>"; };
		326CC95F2AFD897200EAEFDC /* DetailTopSection.swift */ = {isa = PBXFileReference; lastKnownFileType = sourcecode.swift; path = DetailTopSection.swift; sourceTree = "<group>"; };
		326CC9612AFD8D3400EAEFDC /* ScoreCellView.swift */ = {isa = PBXFileReference; lastKnownFileType = sourcecode.swift; path = ScoreCellView.swift; sourceTree = "<group>"; };
		326CC9632AFD9A2700EAEFDC /* GenreRowView.swift */ = {isa = PBXFileReference; lastKnownFileType = sourcecode.swift; path = GenreRowView.swift; sourceTree = "<group>"; };
		326CC9652AFD9C2700EAEFDC /* DetailProgressView.swift */ = {isa = PBXFileReference; lastKnownFileType = sourcecode.swift; path = DetailProgressView.swift; sourceTree = "<group>"; };
		326CC9672AFD9D3400EAEFDC /* ListStatus.swift */ = {isa = PBXFileReference; lastKnownFileType = sourcecode.swift; path = ListStatus.swift; sourceTree = "<group>"; };
		328382302B197D9400EFCE1F /* AnimeGenre.swift */ = {isa = PBXFileReference; lastKnownFileType = sourcecode.swift; path = AnimeGenre.swift; sourceTree = "<group>"; };
		328382322B198ACF00EFCE1F /* UserAddtionalAPIRequest.swift */ = {isa = PBXFileReference; lastKnownFileType = sourcecode.swift; path = UserAddtionalAPIRequest.swift; sourceTree = "<group>"; };
		3288E2022B0E8AEF00074E14 /* UpdateMediaListStatusAPIRequest.swift */ = {isa = PBXFileReference; lastKnownFileType = sourcecode.swift; path = UpdateMediaListStatusAPIRequest.swift; sourceTree = "<group>"; };
		32A2A4AC2AEC51480083DA44 /* RefreshTokenAPIRequest.swift */ = {isa = PBXFileReference; lastKnownFileType = sourcecode.swift; path = RefreshTokenAPIRequest.swift; sourceTree = "<group>"; };
		32A2A4AE2AEC515B0083DA44 /* TokenResponse.swift */ = {isa = PBXFileReference; lastKnownFileType = sourcecode.swift; path = TokenResponse.swift; sourceTree = "<group>"; };
		32A2A4B02AEC54440083DA44 /* Settings.swift */ = {isa = PBXFileReference; lastKnownFileType = sourcecode.swift; path = Settings.swift; sourceTree = "<group>"; };
		32B002122B06BD6300D9C5D6 /* InfoView.swift */ = {isa = PBXFileReference; lastKnownFileType = sourcecode.swift; path = InfoView.swift; sourceTree = "<group>"; };
		32B002142B08185000D9C5D6 /* RecommendedRowView.swift */ = {isa = PBXFileReference; lastKnownFileType = sourcecode.swift; path = RecommendedRowView.swift; sourceTree = "<group>"; };
		32B002162B08188D00D9C5D6 /* RecommendedCellView.swift */ = {isa = PBXFileReference; lastKnownFileType = sourcecode.swift; path = RecommendedCellView.swift; sourceTree = "<group>"; };
		32B82BD12B1FF7870079A724 /* ProfileStatView.swift */ = {isa = PBXFileReference; lastKnownFileType = sourcecode.swift; path = ProfileStatView.swift; sourceTree = "<group>"; };
		32BA95F72B14512600EFC84D /* DeleteMediaAPIRequest.swift */ = {isa = PBXFileReference; lastKnownFileType = sourcecode.swift; path = DeleteMediaAPIRequest.swift; sourceTree = "<group>"; };
		32CCAB3C2B16B08400C5C18C /* App.swift */ = {isa = PBXFileReference; lastKnownFileType = sourcecode.swift; path = App.swift; sourceTree = "<group>"; };
		32CCAB3E2B16B0E500C5C18C /* User.swift */ = {isa = PBXFileReference; lastKnownFileType = sourcecode.swift; path = User.swift; sourceTree = "<group>"; };
		32CCAB402B16B15B00C5C18C /* UserAPIRequest.swift */ = {isa = PBXFileReference; lastKnownFileType = sourcecode.swift; path = UserAPIRequest.swift; sourceTree = "<group>"; };
		32F37ECD2B0969470015F225 /* StatsView.swift */ = {isa = PBXFileReference; lastKnownFileType = sourcecode.swift; path = StatsView.swift; sourceTree = "<group>"; };
		32F37ECF2B0972E40015F225 /* BarChartView.swift */ = {isa = PBXFileReference; lastKnownFileType = sourcecode.swift; path = BarChartView.swift; sourceTree = "<group>"; };
		32F37ED12B0C24830015F225 /* AddMediaView.swift */ = {isa = PBXFileReference; lastKnownFileType = sourcecode.swift; path = AddMediaView.swift; sourceTree = "<group>"; };
		32F37ED32B0C2E940015F225 /* ProgressSliderView.swift */ = {isa = PBXFileReference; lastKnownFileType = sourcecode.swift; path = ProgressSliderView.swift; sourceTree = "<group>"; };
		32F37ED52B0D70EA0015F225 /* AddMediaViewModel.swift */ = {isa = PBXFileReference; lastKnownFileType = sourcecode.swift; path = AddMediaViewModel.swift; sourceTree = "<group>"; };
		32F37ED72B0D74C20015F225 /* ScoreSliderView.swift */ = {isa = PBXFileReference; lastKnownFileType = sourcecode.swift; path = ScoreSliderView.swift; sourceTree = "<group>"; };
/* End PBXFileReference section */

/* Begin PBXFrameworksBuildPhase section */
		322BBF552AE5BD7500DB9ACD /* Frameworks */ = {
			isa = PBXFrameworksBuildPhase;
			buildActionMask = 2147483647;
			files = (
			);
			runOnlyForDeploymentPostprocessing = 0;
		};
/* End PBXFrameworksBuildPhase section */

/* Begin PBXGroup section */
		320EE2002B056F1300041382 /* Home */ = {
			isa = PBXGroup;
			children = (
				322BBF5D2AE5BD7500DB9ACD /* HomeView.swift */,
				326CC9612AFD8D3400EAEFDC /* ScoreCellView.swift */,
				323E4D762AF02A8D001F2CA1 /* SearchCellView.swift */,
				322BBF822AE5E92B00DB9ACD /* SearchListView.swift */,
				323E4D782AF18997001F2CA1 /* StatusPickerView.swift */,
				322BBF6E2AE5C9C000DB9ACD /* WatchListCell.swift */,
				322BBF692AE5C08400DB9ACD /* WatchListView.swift */,
				322BBF902AE8B35600DB9ACD /* WatchProgressView.swift */,
				3219EE4F2BC5B1D300F57A95 /* LoginOverlayView.swift */,
			);
			path = Home;
			sourceTree = "<group>";
		};
		320EE2012B056F2000041382 /* Discover */ = {
			isa = PBXGroup;
			children = (
				320EE2032B056F4000041382 /* Archive */,
				323E4D842AF3052D001F2CA1 /* DiscoverCellView.swift */,
				326CC9572AF96DE000EAEFDC /* DiscoverDetailCellView.swift */,
				326CC9552AF96D5B00EAEFDC /* DiscoverDetailView.swift */,
				323E4D802AF30431001F2CA1 /* DiscoverListView.swift */,
				323E4D822AF304AD001F2CA1 /* DiscoverRowView.swift */,
				322BBF7E2AE5DEC900DB9ACD /* DiscoverTabView.swift */,
				322BBF7C2AE5DE9D00DB9ACD /* DiscoverView.swift */,
			);
			path = Discover;
			sourceTree = "<group>";
		};
		320EE2022B056F3100041382 /* Detail */ = {
			isa = PBXGroup;
			children = (
				322BBF8E2AE866AB00DB9ACD /* AiringStatusView.swift */,
				326CC9652AFD9C2700EAEFDC /* DetailProgressView.swift */,
				326CC95F2AFD897200EAEFDC /* DetailTopSection.swift */,
				326CC9632AFD9A2700EAEFDC /* GenreRowView.swift */,
				322BBF8C2AE8647F00DB9ACD /* GenreView.swift */,
				326CC95B2AFD6EA900EAEFDC /* MediaDetailView.swift */,
				322BBF8A2AE8616F00DB9ACD /* PosterView.swift */,
				320EE2062B05BECD00041382 /* DetailTabView.swift */,
				320EE2082B05BF8E00041382 /* SynopsisView.swift */,
				320EE20A2B06ADF200041382 /* RelatedRowView.swift */,
				320EE20C2B06BB5100041382 /* RelatedCellView.swift */,
				32B002122B06BD6300D9C5D6 /* InfoView.swift */,
				32B002142B08185000D9C5D6 /* RecommendedRowView.swift */,
				32B002162B08188D00D9C5D6 /* RecommendedCellView.swift */,
				32F37ECD2B0969470015F225 /* StatsView.swift */,
				32F37ECF2B0972E40015F225 /* BarChartView.swift */,
				32F37ED12B0C24830015F225 /* AddMediaView.swift */,
				32F37ED32B0C2E940015F225 /* ProgressSliderView.swift */,
				32F37ED72B0D74C20015F225 /* ScoreSliderView.swift */,
			);
			path = Detail;
			sourceTree = "<group>";
		};
		320EE2032B056F4000041382 /* Archive */ = {
			isa = PBXGroup;
			children = (
				323E4D7C2AF30100001F2CA1 /* SeasonalView.swift */,
				326CC94D2AF8772D00EAEFDC /* ArchiveView.swift */,
				326CC9532AF87A6700EAEFDC /* ArchiveRowView.swift */,
				326CC9512AF878D900EAEFDC /* ArchiveCellView.swift */,
			);
			path = Archive;
			sourceTree = "<group>";
		};
		320EE2052B056F8200041382 /* Profile */ = {
			isa = PBXGroup;
			children = (
				323E4D7E2AF30129001F2CA1 /* ProfileView.swift */,
				32B82BD12B1FF7870079A724 /* ProfileStatView.swift */,
			);
			path = Profile;
			sourceTree = "<group>";
		};
		322BBF4F2AE5BD7500DB9ACD = {
			isa = PBXGroup;
			children = (
				322BBF5A2AE5BD7500DB9ACD /* OtakuSigma */,
				322BBF592AE5BD7500DB9ACD /* Products */,
			);
			sourceTree = "<group>";
		};
		322BBF592AE5BD7500DB9ACD /* Products */ = {
			isa = PBXGroup;
			children = (
				322BBF582AE5BD7500DB9ACD /* OtakuSigma.app */,
			);
			name = Products;
			sourceTree = "<group>";
		};
		322BBF5A2AE5BD7500DB9ACD /* OtakuSigma */ = {
			isa = PBXGroup;
			children = (
				326CA7352AE9E0F6004EFB16 /* Info.plist */,
				322BBF5B2AE5BD7500DB9ACD /* OtakuSigmaApp.swift */,
				32CCAB3C2B16B08400C5C18C /* App.swift */,
				32A2A4B02AEC54440083DA44 /* Settings.swift */,
				323E4D7A2AF1BDA4001F2CA1 /* Style.swift */,
				322BBF7B2AE5DDC000DB9ACD /* Views */,
				322BBF772AE5DD3600DB9ACD /* ViewModels */,
				322BBF722AE5CED500DB9ACD /* Networking */,
				322BBF6B2AE5C12F00DB9ACD /* Models */,
				322BBF5F2AE5BD7700DB9ACD /* Assets.xcassets */,
				322BBF612AE5BD7700DB9ACD /* Preview Content */,
			);
			path = OtakuSigma;
			sourceTree = "<group>";
		};
		322BBF612AE5BD7700DB9ACD /* Preview Content */ = {
			isa = PBXGroup;
			children = (
				322BBF622AE5BD7700DB9ACD /* Preview Assets.xcassets */,
			);
			path = "Preview Content";
			sourceTree = "<group>";
		};
		322BBF6B2AE5C12F00DB9ACD /* Models */ = {
			isa = PBXGroup;
			children = (
				322BBF882AE5F94300DB9ACD /* WeebResponse.swift */,
				322BBF6C2AE5C87500DB9ACD /* Media.swift */,
				326CA72D2AE98433004EFB16 /* Anime.swift */,
				326CA72F2AE9843A004EFB16 /* Manga.swift */,
				32A2A4AE2AEC515B0083DA44 /* TokenResponse.swift */,
				326CC9672AFD9D3400EAEFDC /* ListStatus.swift */,
				32CCAB3E2B16B0E500C5C18C /* User.swift */,
				328382302B197D9400EFCE1F /* AnimeGenre.swift */,
				3219EE4D2BC5A58800F57A95 /* MediaListStatus.swift */,
				3219EE512BC5B6EE00F57A95 /* MediaSort.swift */,
				32543F582BC5F48900128A39 /* MediaStatus.swift */,
			);
			path = Models;
			sourceTree = "<group>";
		};
		322BBF722AE5CED500DB9ACD /* Networking */ = {
			isa = PBXGroup;
			children = (
				326CA7362AEB03D9004EFB16 /* AccessTokenAPIRequest.swift */,
				322BBF732AE5CEDF00DB9ACD /* APIRequest.swift */,
				326CA7382AEB09A1004EFB16 /* AuthSerivce.swift */,
				322BBF752AE5CFB800DB9ACD /* MediaDetailAPIRequest.swift */,
				322BBF842AE5EB3B00DB9ACD /* MALService.swift */,
				326CA73A2AEB1512004EFB16 /* UserListAPIRequest.swift */,
				322BBF862AE5EC1400DB9ACD /* WeebListAPIRequest.swift */,
				32A2A4AC2AEC51480083DA44 /* RefreshTokenAPIRequest.swift */,
				323E4D862AF30BFA001F2CA1 /* RankingAPIRequest.swift */,
				323E4D8A2AF5AE6A001F2CA1 /* SeasonalAnimeAPIRequest.swift */,
				3288E2022B0E8AEF00074E14 /* UpdateMediaListStatusAPIRequest.swift */,
				32BA95F72B14512600EFC84D /* DeleteMediaAPIRequest.swift */,
				32CCAB402B16B15B00C5C18C /* UserAPIRequest.swift */,
				328382322B198ACF00EFCE1F /* UserAddtionalAPIRequest.swift */,
			);
			path = Networking;
			sourceTree = "<group>";
		};
		322BBF772AE5DD3600DB9ACD /* ViewModels */ = {
			isa = PBXGroup;
			children = (
				322BBF792AE5DD4E00DB9ACD /* HomeViewModel.swift */,
				322BBF802AE5DEE300DB9ACD /* DiscoverViewModel.swift */,
				326CA7332AE9D504004EFB16 /* ProfileViewModel.swift */,
				323E4D882AF58A80001F2CA1 /* SeasonalViewModel.swift */,
				326CC94F2AF877C600EAEFDC /* ArchiveViewModel.swift */,
				326CC9592AF96F7400EAEFDC /* DiscoverDetailViewModel.swift */,
				326CC95D2AFD71F100EAEFDC /* MediaDetailViewModel.swift */,
				32F37ED52B0D70EA0015F225 /* AddMediaViewModel.swift */,
			);
			path = ViewModels;
			sourceTree = "<group>";
		};
		322BBF7B2AE5DDC000DB9ACD /* Views */ = {
			isa = PBXGroup;
			children = (
				320EE2002B056F1300041382 /* Home */,
				320EE2012B056F2000041382 /* Discover */,
				320EE2052B056F8200041382 /* Profile */,
				320EE2022B056F3100041382 /* Detail */,
			);
			path = Views;
			sourceTree = "<group>";
		};
/* End PBXGroup section */

/* Begin PBXNativeTarget section */
		322BBF572AE5BD7500DB9ACD /* OtakuSigma */ = {
			isa = PBXNativeTarget;
			buildConfigurationList = 322BBF662AE5BD7700DB9ACD /* Build configuration list for PBXNativeTarget "OtakuSigma" */;
			buildPhases = (
				322BBF542AE5BD7500DB9ACD /* Sources */,
				322BBF552AE5BD7500DB9ACD /* Frameworks */,
				322BBF562AE5BD7500DB9ACD /* Resources */,
			);
			buildRules = (
			);
			dependencies = (
			);
			name = OtakuSigma;
			productName = OtakuSigma;
			productReference = 322BBF582AE5BD7500DB9ACD /* OtakuSigma.app */;
			productType = "com.apple.product-type.application";
		};
/* End PBXNativeTarget section */

/* Begin PBXProject section */
		322BBF502AE5BD7500DB9ACD /* Project object */ = {
			isa = PBXProject;
			attributes = {
				BuildIndependentTargetsInParallel = 1;
				LastSwiftUpdateCheck = 1430;
				LastUpgradeCheck = 1430;
				TargetAttributes = {
					322BBF572AE5BD7500DB9ACD = {
						CreatedOnToolsVersion = 14.3.1;
					};
				};
			};
			buildConfigurationList = 322BBF532AE5BD7500DB9ACD /* Build configuration list for PBXProject "OtakuSigma" */;
			compatibilityVersion = "Xcode 14.0";
			developmentRegion = en;
			hasScannedForEncodings = 0;
			knownRegions = (
				en,
				Base,
			);
			mainGroup = 322BBF4F2AE5BD7500DB9ACD;
			productRefGroup = 322BBF592AE5BD7500DB9ACD /* Products */;
			projectDirPath = "";
			projectRoot = "";
			targets = (
				322BBF572AE5BD7500DB9ACD /* OtakuSigma */,
			);
		};
/* End PBXProject section */

/* Begin PBXResourcesBuildPhase section */
		322BBF562AE5BD7500DB9ACD /* Resources */ = {
			isa = PBXResourcesBuildPhase;
			buildActionMask = 2147483647;
			files = (
				322BBF632AE5BD7700DB9ACD /* Preview Assets.xcassets in Resources */,
				322BBF602AE5BD7700DB9ACD /* Assets.xcassets in Resources */,
			);
			runOnlyForDeploymentPostprocessing = 0;
		};
/* End PBXResourcesBuildPhase section */

/* Begin PBXSourcesBuildPhase section */
		322BBF542AE5BD7500DB9ACD /* Sources */ = {
			isa = PBXSourcesBuildPhase;
			buildActionMask = 2147483647;
			files = (
				326CC9562AF96D5B00EAEFDC /* DiscoverDetailView.swift in Sources */,
				32A2A4B12AEC54440083DA44 /* Settings.swift in Sources */,
				32F37ED82B0D74C20015F225 /* ScoreSliderView.swift in Sources */,
				326CC95E2AFD71F100EAEFDC /* MediaDetailViewModel.swift in Sources */,
				3219EE4E2BC5A58800F57A95 /* MediaListStatus.swift in Sources */,
				323E4D772AF02A8D001F2CA1 /* SearchCellView.swift in Sources */,
				326CA7342AE9D504004EFB16 /* ProfileViewModel.swift in Sources */,
				326CC9502AF877C600EAEFDC /* ArchiveViewModel.swift in Sources */,
				320EE20D2B06BB5100041382 /* RelatedCellView.swift in Sources */,
				326CC9542AF87A6700EAEFDC /* ArchiveRowView.swift in Sources */,
				326CC94E2AF8772D00EAEFDC /* ArchiveView.swift in Sources */,
				322BBF832AE5E92B00DB9ACD /* SearchListView.swift in Sources */,
				320EE20B2B06ADF200041382 /* RelatedRowView.swift in Sources */,
				32A2A4AF2AEC515B0083DA44 /* TokenResponse.swift in Sources */,
				32F37ED62B0D70EA0015F225 /* AddMediaViewModel.swift in Sources */,
				323E4D7F2AF30129001F2CA1 /* ProfileView.swift in Sources */,
				326CC9582AF96DE000EAEFDC /* DiscoverDetailCellView.swift in Sources */,
				322BBF6F2AE5C9C000DB9ACD /* WatchListCell.swift in Sources */,
				322BBF8F2AE866AB00DB9ACD /* AiringStatusView.swift in Sources */,
				326CA7392AEB09A1004EFB16 /* AuthSerivce.swift in Sources */,
				322BBF7A2AE5DD4E00DB9ACD /* HomeViewModel.swift in Sources */,
				326CC9602AFD897200EAEFDC /* DetailTopSection.swift in Sources */,
				32CCAB3F2B16B0E500C5C18C /* User.swift in Sources */,
				323E4D832AF304AD001F2CA1 /* DiscoverRowView.swift in Sources */,
				323E4D8B2AF5AE6A001F2CA1 /* SeasonalAnimeAPIRequest.swift in Sources */,
				323E4D872AF30BFA001F2CA1 /* RankingAPIRequest.swift in Sources */,
				322BBF912AE8B35600DB9ACD /* WatchProgressView.swift in Sources */,
				322BBF8D2AE8647F00DB9ACD /* GenreView.swift in Sources */,
				323E4D7D2AF30100001F2CA1 /* SeasonalView.swift in Sources */,
				322BBF8B2AE8616F00DB9ACD /* PosterView.swift in Sources */,
				32F37ECE2B0969470015F225 /* StatsView.swift in Sources */,
				326CC9662AFD9C2700EAEFDC /* DetailProgressView.swift in Sources */,
				322BBF742AE5CEDF00DB9ACD /* APIRequest.swift in Sources */,
				32A2A4AD2AEC51480083DA44 /* RefreshTokenAPIRequest.swift in Sources */,
				32CCAB3D2B16B08400C5C18C /* App.swift in Sources */,
				32F37ED42B0C2E940015F225 /* ProgressSliderView.swift in Sources */,
				322BBF5E2AE5BD7500DB9ACD /* HomeView.swift in Sources */,
				320EE2092B05BF8E00041382 /* SynopsisView.swift in Sources */,
				322BBF762AE5CFB800DB9ACD /* MediaDetailAPIRequest.swift in Sources */,
				326CA73B2AEB1512004EFB16 /* UserListAPIRequest.swift in Sources */,
				322BBF872AE5EC1400DB9ACD /* WeebListAPIRequest.swift in Sources */,
				323E4D792AF18997001F2CA1 /* StatusPickerView.swift in Sources */,
				32BA95F82B14512600EFC84D /* DeleteMediaAPIRequest.swift in Sources */,
				3219EE522BC5B6EE00F57A95 /* MediaSort.swift in Sources */,
				326CC95C2AFD6EA900EAEFDC /* MediaDetailView.swift in Sources */,
				320EE2072B05BECD00041382 /* DetailTabView.swift in Sources */,
				322BBF5C2AE5BD7500DB9ACD /* OtakuSigmaApp.swift in Sources */,
				323E4D852AF3052D001F2CA1 /* DiscoverCellView.swift in Sources */,
				32B002132B06BD6300D9C5D6 /* InfoView.swift in Sources */,
				32B002172B08188D00D9C5D6 /* RecommendedCellView.swift in Sources */,
				32543F592BC5F48900128A39 /* MediaStatus.swift in Sources */,
				32B82BD22B1FF7870079A724 /* ProfileStatView.swift in Sources */,
				32CCAB412B16B15B00C5C18C /* UserAPIRequest.swift in Sources */,
				326CA7302AE9843A004EFB16 /* Manga.swift in Sources */,
				3219EE502BC5B1D300F57A95 /* LoginOverlayView.swift in Sources */,
				328382332B198ACF00EFCE1F /* UserAddtionalAPIRequest.swift in Sources */,
				322BBF892AE5F94300DB9ACD /* WeebResponse.swift in Sources */,
				326CC95A2AF96F7400EAEFDC /* DiscoverDetailViewModel.swift in Sources */,
				32B002152B08185000D9C5D6 /* RecommendedRowView.swift in Sources */,
				323E4D7B2AF1BDA4001F2CA1 /* Style.swift in Sources */,
				323E4D812AF30431001F2CA1 /* DiscoverListView.swift in Sources */,
				328382312B197D9400EFCE1F /* AnimeGenre.swift in Sources */,
				322BBF852AE5EB3B00DB9ACD /* MALService.swift in Sources */,
				322BBF6A2AE5C08400DB9ACD /* WatchListView.swift in Sources */,
				322BBF7D2AE5DE9D00DB9ACD /* DiscoverView.swift in Sources */,
				326CA72E2AE98433004EFB16 /* Anime.swift in Sources */,
				326CC9682AFD9D3400EAEFDC /* ListStatus.swift in Sources */,
				32F37ED02B0972E40015F225 /* BarChartView.swift in Sources */,
				3288E2032B0E8AEF00074E14 /* UpdateMediaListStatusAPIRequest.swift in Sources */,
				326CA7372AEB03D9004EFB16 /* AccessTokenAPIRequest.swift in Sources */,
				322BBF812AE5DEE300DB9ACD /* DiscoverViewModel.swift in Sources */,
				32F37ED22B0C24830015F225 /* AddMediaView.swift in Sources */,
				326CC9522AF878D900EAEFDC /* ArchiveCellView.swift in Sources */,
				322BBF6D2AE5C87500DB9ACD /* Media.swift in Sources */,
				323E4D892AF58A80001F2CA1 /* SeasonalViewModel.swift in Sources */,
				326CC9642AFD9A2700EAEFDC /* GenreRowView.swift in Sources */,
				322BBF7F2AE5DEC900DB9ACD /* DiscoverTabView.swift in Sources */,
				326CC9622AFD8D3400EAEFDC /* ScoreCellView.swift in Sources */,
			);
			runOnlyForDeploymentPostprocessing = 0;
		};
/* End PBXSourcesBuildPhase section */

/* Begin XCBuildConfiguration section */
		322BBF642AE5BD7700DB9ACD /* Debug */ = {
			isa = XCBuildConfiguration;
			buildSettings = {
				ALWAYS_SEARCH_USER_PATHS = NO;
				CLANG_ANALYZER_NONNULL = YES;
				CLANG_ANALYZER_NUMBER_OBJECT_CONVERSION = YES_AGGRESSIVE;
				CLANG_CXX_LANGUAGE_STANDARD = "gnu++20";
				CLANG_ENABLE_MODULES = YES;
				CLANG_ENABLE_OBJC_ARC = YES;
				CLANG_ENABLE_OBJC_WEAK = YES;
				CLANG_WARN_BLOCK_CAPTURE_AUTORELEASING = YES;
				CLANG_WARN_BOOL_CONVERSION = YES;
				CLANG_WARN_COMMA = YES;
				CLANG_WARN_CONSTANT_CONVERSION = YES;
				CLANG_WARN_DEPRECATED_OBJC_IMPLEMENTATIONS = YES;
				CLANG_WARN_DIRECT_OBJC_ISA_USAGE = YES_ERROR;
				CLANG_WARN_DOCUMENTATION_COMMENTS = YES;
				CLANG_WARN_EMPTY_BODY = YES;
				CLANG_WARN_ENUM_CONVERSION = YES;
				CLANG_WARN_INFINITE_RECURSION = YES;
				CLANG_WARN_INT_CONVERSION = YES;
				CLANG_WARN_NON_LITERAL_NULL_CONVERSION = YES;
				CLANG_WARN_OBJC_IMPLICIT_RETAIN_SELF = YES;
				CLANG_WARN_OBJC_LITERAL_CONVERSION = YES;
				CLANG_WARN_OBJC_ROOT_CLASS = YES_ERROR;
				CLANG_WARN_QUOTED_INCLUDE_IN_FRAMEWORK_HEADER = YES;
				CLANG_WARN_RANGE_LOOP_ANALYSIS = YES;
				CLANG_WARN_STRICT_PROTOTYPES = YES;
				CLANG_WARN_SUSPICIOUS_MOVE = YES;
				CLANG_WARN_UNGUARDED_AVAILABILITY = YES_AGGRESSIVE;
				CLANG_WARN_UNREACHABLE_CODE = YES;
				CLANG_WARN__DUPLICATE_METHOD_MATCH = YES;
				COPY_PHASE_STRIP = NO;
				DEBUG_INFORMATION_FORMAT = dwarf;
				ENABLE_STRICT_OBJC_MSGSEND = YES;
				ENABLE_TESTABILITY = YES;
				GCC_C_LANGUAGE_STANDARD = gnu11;
				GCC_DYNAMIC_NO_PIC = NO;
				GCC_NO_COMMON_BLOCKS = YES;
				GCC_OPTIMIZATION_LEVEL = 0;
				GCC_PREPROCESSOR_DEFINITIONS = (
					"DEBUG=1",
					"$(inherited)",
				);
				GCC_WARN_64_TO_32_BIT_CONVERSION = YES;
				GCC_WARN_ABOUT_RETURN_TYPE = YES_ERROR;
				GCC_WARN_UNDECLARED_SELECTOR = YES;
				GCC_WARN_UNINITIALIZED_AUTOS = YES_AGGRESSIVE;
				GCC_WARN_UNUSED_FUNCTION = YES;
				GCC_WARN_UNUSED_VARIABLE = YES;
				IPHONEOS_DEPLOYMENT_TARGET = 17.0;
				MTL_ENABLE_DEBUG_INFO = INCLUDE_SOURCE;
				MTL_FAST_MATH = YES;
				ONLY_ACTIVE_ARCH = YES;
				SDKROOT = iphoneos;
				SWIFT_ACTIVE_COMPILATION_CONDITIONS = DEBUG;
				SWIFT_OPTIMIZATION_LEVEL = "-Onone";
			};
			name = Debug;
		};
		322BBF652AE5BD7700DB9ACD /* Release */ = {
			isa = XCBuildConfiguration;
			buildSettings = {
				ALWAYS_SEARCH_USER_PATHS = NO;
				CLANG_ANALYZER_NONNULL = YES;
				CLANG_ANALYZER_NUMBER_OBJECT_CONVERSION = YES_AGGRESSIVE;
				CLANG_CXX_LANGUAGE_STANDARD = "gnu++20";
				CLANG_ENABLE_MODULES = YES;
				CLANG_ENABLE_OBJC_ARC = YES;
				CLANG_ENABLE_OBJC_WEAK = YES;
				CLANG_WARN_BLOCK_CAPTURE_AUTORELEASING = YES;
				CLANG_WARN_BOOL_CONVERSION = YES;
				CLANG_WARN_COMMA = YES;
				CLANG_WARN_CONSTANT_CONVERSION = YES;
				CLANG_WARN_DEPRECATED_OBJC_IMPLEMENTATIONS = YES;
				CLANG_WARN_DIRECT_OBJC_ISA_USAGE = YES_ERROR;
				CLANG_WARN_DOCUMENTATION_COMMENTS = YES;
				CLANG_WARN_EMPTY_BODY = YES;
				CLANG_WARN_ENUM_CONVERSION = YES;
				CLANG_WARN_INFINITE_RECURSION = YES;
				CLANG_WARN_INT_CONVERSION = YES;
				CLANG_WARN_NON_LITERAL_NULL_CONVERSION = YES;
				CLANG_WARN_OBJC_IMPLICIT_RETAIN_SELF = YES;
				CLANG_WARN_OBJC_LITERAL_CONVERSION = YES;
				CLANG_WARN_OBJC_ROOT_CLASS = YES_ERROR;
				CLANG_WARN_QUOTED_INCLUDE_IN_FRAMEWORK_HEADER = YES;
				CLANG_WARN_RANGE_LOOP_ANALYSIS = YES;
				CLANG_WARN_STRICT_PROTOTYPES = YES;
				CLANG_WARN_SUSPICIOUS_MOVE = YES;
				CLANG_WARN_UNGUARDED_AVAILABILITY = YES_AGGRESSIVE;
				CLANG_WARN_UNREACHABLE_CODE = YES;
				CLANG_WARN__DUPLICATE_METHOD_MATCH = YES;
				COPY_PHASE_STRIP = NO;
				DEBUG_INFORMATION_FORMAT = "dwarf-with-dsym";
				ENABLE_NS_ASSERTIONS = NO;
				ENABLE_STRICT_OBJC_MSGSEND = YES;
				GCC_C_LANGUAGE_STANDARD = gnu11;
				GCC_NO_COMMON_BLOCKS = YES;
				GCC_WARN_64_TO_32_BIT_CONVERSION = YES;
				GCC_WARN_ABOUT_RETURN_TYPE = YES_ERROR;
				GCC_WARN_UNDECLARED_SELECTOR = YES;
				GCC_WARN_UNINITIALIZED_AUTOS = YES_AGGRESSIVE;
				GCC_WARN_UNUSED_FUNCTION = YES;
				GCC_WARN_UNUSED_VARIABLE = YES;
				IPHONEOS_DEPLOYMENT_TARGET = 17.0;
				MTL_ENABLE_DEBUG_INFO = NO;
				MTL_FAST_MATH = YES;
				SDKROOT = iphoneos;
				SWIFT_COMPILATION_MODE = wholemodule;
				SWIFT_OPTIMIZATION_LEVEL = "-O";
				VALIDATE_PRODUCT = YES;
			};
			name = Release;
		};
		322BBF672AE5BD7700DB9ACD /* Debug */ = {
			isa = XCBuildConfiguration;
			buildSettings = {
				ASSETCATALOG_COMPILER_APPICON_NAME = AppIcon;
				ASSETCATALOG_COMPILER_GLOBAL_ACCENT_COLOR_NAME = AccentColor;
				CODE_SIGN_STYLE = Automatic;
				CURRENT_PROJECT_VERSION = 1;
				DEVELOPMENT_ASSET_PATHS = "\"OtakuSigma/Preview Content\"";
				DEVELOPMENT_TEAM = 8KHAQ7W8KV;
				ENABLE_PREVIEWS = YES;
				GENERATE_INFOPLIST_FILE = YES;
				INFOPLIST_FILE = OtakuSigma/Info.plist;
				INFOPLIST_KEY_UIApplicationSceneManifest_Generation = YES;
				INFOPLIST_KEY_UIApplicationSupportsIndirectInputEvents = YES;
				INFOPLIST_KEY_UILaunchScreen_Generation = YES;
				INFOPLIST_KEY_UISupportedInterfaceOrientations_iPad = "UIInterfaceOrientationPortrait UIInterfaceOrientationPortraitUpsideDown UIInterfaceOrientationLandscapeLeft UIInterfaceOrientationLandscapeRight";
				INFOPLIST_KEY_UISupportedInterfaceOrientations_iPhone = "UIInterfaceOrientationPortrait UIInterfaceOrientationLandscapeLeft UIInterfaceOrientationLandscapeRight";
				LD_RUNPATH_SEARCH_PATHS = (
					"$(inherited)",
					"@executable_path/Frameworks",
				);
				MARKETING_VERSION = 1.0;
				PRODUCT_BUNDLE_IDENTIFIER = com.example.OtakuSigma;
				PRODUCT_NAME = "$(TARGET_NAME)";
				SWIFT_EMIT_LOC_STRINGS = YES;
				SWIFT_VERSION = 5.0;
				TARGETED_DEVICE_FAMILY = "1,2";
			};
			name = Debug;
		};
		322BBF682AE5BD7700DB9ACD /* Release */ = {
			isa = XCBuildConfiguration;
			buildSettings = {
				ASSETCATALOG_COMPILER_APPICON_NAME = AppIcon;
				ASSETCATALOG_COMPILER_GLOBAL_ACCENT_COLOR_NAME = AccentColor;
				CODE_SIGN_STYLE = Automatic;
				CURRENT_PROJECT_VERSION = 1;
				DEVELOPMENT_ASSET_PATHS = "\"OtakuSigma/Preview Content\"";
				DEVELOPMENT_TEAM = 8KHAQ7W8KV;
				ENABLE_PREVIEWS = YES;
				GENERATE_INFOPLIST_FILE = YES;
				INFOPLIST_FILE = OtakuSigma/Info.plist;
				INFOPLIST_KEY_UIApplicationSceneManifest_Generation = YES;
				INFOPLIST_KEY_UIApplicationSupportsIndirectInputEvents = YES;
				INFOPLIST_KEY_UILaunchScreen_Generation = YES;
				INFOPLIST_KEY_UISupportedInterfaceOrientations_iPad = "UIInterfaceOrientationPortrait UIInterfaceOrientationPortraitUpsideDown UIInterfaceOrientationLandscapeLeft UIInterfaceOrientationLandscapeRight";
				INFOPLIST_KEY_UISupportedInterfaceOrientations_iPhone = "UIInterfaceOrientationPortrait UIInterfaceOrientationLandscapeLeft UIInterfaceOrientationLandscapeRight";
				LD_RUNPATH_SEARCH_PATHS = (
					"$(inherited)",
					"@executable_path/Frameworks",
				);
				MARKETING_VERSION = 1.0;
				PRODUCT_BUNDLE_IDENTIFIER = com.example.OtakuSigma;
				PRODUCT_NAME = "$(TARGET_NAME)";
				SWIFT_EMIT_LOC_STRINGS = YES;
				SWIFT_VERSION = 5.0;
				TARGETED_DEVICE_FAMILY = "1,2";
			};
			name = Release;
		};
/* End XCBuildConfiguration section */

/* Begin XCConfigurationList section */
		322BBF532AE5BD7500DB9ACD /* Build configuration list for PBXProject "OtakuSigma" */ = {
			isa = XCConfigurationList;
			buildConfigurations = (
				322BBF642AE5BD7700DB9ACD /* Debug */,
				322BBF652AE5BD7700DB9ACD /* Release */,
			);
			defaultConfigurationIsVisible = 0;
			defaultConfigurationName = Release;
		};
		322BBF662AE5BD7700DB9ACD /* Build configuration list for PBXNativeTarget "OtakuSigma" */ = {
			isa = XCConfigurationList;
			buildConfigurations = (
				322BBF672AE5BD7700DB9ACD /* Debug */,
				322BBF682AE5BD7700DB9ACD /* Release */,
			);
			defaultConfigurationIsVisible = 0;
			defaultConfigurationName = Release;
		};
/* End XCConfigurationList section */
	};
	rootObject = 322BBF502AE5BD7500DB9ACD /* Project object */;
}
